
Microsoft Visual Studio Solution File, Format Version 12.00
# Visual Studio Version 16
VisualStudioVersion = 16.0.29613.14
MinimumVisualStudioVersion = 10.0.40219.1
Project("{FAE04EC0-301F-11D3-BF4B-00C04F79EFBC}") = "Sample.UWP", "Sample\Sample.UWP\Sample.UWP.csproj", "{706FF4A4-C5B5-4028-B491-F9528E71871E}"
EndProject
Project("{FAE04EC0-301F-11D3-BF4B-00C04F79EFBC}") = "Sample.Android", "Sample\Sample.Android\Sample.Android.csproj", "{DEDF7281-2BA4-4D5C-89F3-7006B3C8BB74}"
EndProject
Project("{FAE04EC0-301F-11D3-BF4B-00C04F79EFBC}") = "Sample.iOS", "Sample\Sample.iOS\Sample.iOS.csproj", "{C13971FB-6225-4822-BFE5-0B6A504CB2FB}"
EndProject
Project("{9A19103F-16F7-4668-BE54-9A1E7A4F7556}") = "Sample", "Sample\Sample\Sample.csproj", "{8550E003-780F-4267-A5D8-A042059C3F46}"
EndProject
Project("{2150E333-8FDC-42A3-9474-1A3956D46DE8}") = "Sample", "Sample", "{C12A9FD1-F570-498F-8CFD-63DC759C95D3}"
EndProject
Project("{2150E333-8FDC-42A3-9474-1A3956D46DE8}") = "Lib", "Lib", "{28249499-A829-4A93-B0E2-B1ED1BEEDF13}"
EndProject
Project("{9A19103F-16F7-4668-BE54-9A1E7A4F7556}") = "TabView4", "Lib\TabView4.csproj", "{D61BB66E-25E0-4C39-ADD9-3A29F435E617}"
EndProject
Global
	GlobalSection(SolutionConfigurationPlatforms) = preSolution
		Debug|Any CPU = Debug|Any CPU
		Debug|ARM = Debug|ARM
		Debug|iPhone = Debug|iPhone
		Debug|iPhoneSimulator = Debug|iPhoneSimulator
		Debug|x64 = Debug|x64
		Debug|x86 = Debug|x86
		Release|Any CPU = Release|Any CPU
		Release|ARM = Release|ARM
		Release|iPhone = Release|iPhone
		Release|iPhoneSimulator = Release|iPhoneSimulator
		Release|x64 = Release|x64
		Release|x86 = Release|x86
	EndGlobalSection
	GlobalSection(ProjectConfigurationPlatforms) = postSolution
		{706FF4A4-C5B5-4028-B491-F9528E71871E}.Debug|Any CPU.ActiveCfg = Debug|x86
		{706FF4A4-C5B5-4028-B491-F9528E71871E}.Debug|Any CPU.Build.0 = Debug|x86
		{706FF4A4-C5B5-4028-B491-F9528E71871E}.Debug|Any CPU.Deploy.0 = Debug|x86
		{706FF4A4-C5B5-4028-B491-F9528E71871E}.Debug|ARM.ActiveCfg = Debug|ARM
		{706FF4A4-C5B5-4028-B491-F9528E71871E}.Debug|ARM.Build.0 = Debug|ARM
		{706FF4A4-C5B5-4028-B491-F9528E71871E}.Debug|ARM.Deploy.0 = Debug|ARM
		{706FF4A4-C5B5-4028-B491-F9528E71871E}.Debug|iPhone.ActiveCfg = Debug|x86
		{706FF4A4-C5B5-4028-B491-F9528E71871E}.Debug|iPhone.Build.0 = Debug|x86
		{706FF4A4-C5B5-4028-B491-F9528E71871E}.Debug|iPhone.Deploy.0 = Debug|x86
		{706FF4A4-C5B5-4028-B491-F9528E71871E}.Debug|iPhoneSimulator.ActiveCfg = Debug|x86
		{706FF4A4-C5B5-4028-B491-F9528E71871E}.Debug|iPhoneSimulator.Build.0 = Debug|x86
		{706FF4A4-C5B5-4028-B491-F9528E71871E}.Debug|iPhoneSimulator.Deploy.0 = Debug|x86
		{706FF4A4-C5B5-4028-B491-F9528E71871E}.Debug|x64.ActiveCfg = Debug|x64
		{706FF4A4-C5B5-4028-B491-F9528E71871E}.Debug|x64.Build.0 = Debug|x64
		{706FF4A4-C5B5-4028-B491-F9528E71871E}.Debug|x64.Deploy.0 = Debug|x64
		{706FF4A4-C5B5-4028-B491-F9528E71871E}.Debug|x86.ActiveCfg = Debug|x86
		{706FF4A4-C5B5-4028-B491-F9528E71871E}.Debug|x86.Build.0 = Debug|x86
		{706FF4A4-C5B5-4028-B491-F9528E71871E}.Debug|x86.Deploy.0 = Debug|x86
		{706FF4A4-C5B5-4028-B491-F9528E71871E}.Release|Any CPU.ActiveCfg = Release|x86
		{706FF4A4-C5B5-4028-B491-F9528E71871E}.Release|Any CPU.Build.0 = Release|x86
		{706FF4A4-C5B5-4028-B491-F9528E71871E}.Release|Any CPU.Deploy.0 = Release|x86
		{706FF4A4-C5B5-4028-B491-F9528E71871E}.Release|ARM.ActiveCfg = Release|ARM
		{706FF4A4-C5B5-4028-B491-F9528E71871E}.Release|ARM.Build.0 = Release|ARM
		{706FF4A4-C5B5-4028-B491-F9528E71871E}.Release|ARM.Deploy.0 = Release|ARM
		{706FF4A4-C5B5-4028-B491-F9528E71871E}.Release|iPhone.ActiveCfg = Release|x86
		{706FF4A4-C5B5-4028-B491-F9528E71871E}.Release|iPhone.Build.0 = Release|x86
		{706FF4A4-C5B5-4028-B491-F9528E71871E}.Release|iPhone.Deploy.0 = Release|x86
		{706FF4A4-C5B5-4028-B491-F9528E71871E}.Release|iPhoneSimulator.ActiveCfg = Release|x86
		{706FF4A4-C5B5-4028-B491-F9528E71871E}.Release|iPhoneSimulator.Build.0 = Release|x86
		{706FF4A4-C5B5-4028-B491-F9528E71871E}.Release|iPhoneSimulator.Deploy.0 = Release|x86
		{706FF4A4-C5B5-4028-B491-F9528E71871E}.Release|x64.ActiveCfg = Release|x64
		{706FF4A4-C5B5-4028-B491-F9528E71871E}.Release|x64.Build.0 = Release|x64
		{706FF4A4-C5B5-4028-B491-F9528E71871E}.Release|x64.Deploy.0 = Release|x64
		{706FF4A4-C5B5-4028-B491-F9528E71871E}.Release|x86.ActiveCfg = Release|x86
		{706FF4A4-C5B5-4028-B491-F9528E71871E}.Release|x86.Build.0 = Release|x86
		{706FF4A4-C5B5-4028-B491-F9528E71871E}.Release|x86.Deploy.0 = Release|x86
		{DEDF7281-2BA4-4D5C-89F3-7006B3C8BB74}.Debug|Any CPU.ActiveCfg = Debug|Any CPU
		{DEDF7281-2BA4-4D5C-89F3-7006B3C8BB74}.Debug|Any CPU.Build.0 = Debug|Any CPU
		{DEDF7281-2BA4-4D5C-89F3-7006B3C8BB74}.Debug|Any CPU.Deploy.0 = Debug|Any CPU
		{DEDF7281-2BA4-4D5C-89F3-7006B3C8BB74}.Debug|ARM.ActiveCfg = Debug|Any CPU
		{DEDF7281-2BA4-4D5C-89F3-7006B3C8BB74}.Debug|ARM.Build.0 = Debug|Any CPU
		{DEDF7281-2BA4-4D5C-89F3-7006B3C8BB74}.Debug|ARM.Deploy.0 = Debug|Any CPU
		{DEDF7281-2BA4-4D5C-89F3-7006B3C8BB74}.Debug|iPhone.ActiveCfg = Debug|Any CPU
		{DEDF7281-2BA4-4D5C-89F3-7006B3C8BB74}.Debug|iPhone.Build.0 = Debug|Any CPU
		{DEDF7281-2BA4-4D5C-89F3-7006B3C8BB74}.Debug|iPhone.Deploy.0 = Debug|Any CPU
		{DEDF7281-2BA4-4D5C-89F3-7006B3C8BB74}.Debug|iPhoneSimulator.ActiveCfg = Debug|Any CPU
		{DEDF7281-2BA4-4D5C-89F3-7006B3C8BB74}.Debug|iPhoneSimulator.Build.0 = Debug|Any CPU
		{DEDF7281-2BA4-4D5C-89F3-7006B3C8BB74}.Debug|iPhoneSimulator.Deploy.0 = Debug|Any CPU
		{DEDF7281-2BA4-4D5C-89F3-7006B3C8BB74}.Debug|x64.ActiveCfg = Debug|Any CPU
		{DEDF7281-2BA4-4D5C-89F3-7006B3C8BB74}.Debug|x64.Build.0 = Debug|Any CPU
		{DEDF7281-2BA4-4D5C-89F3-7006B3C8BB74}.Debug|x64.Deploy.0 = Debug|Any CPU
		{DEDF7281-2BA4-4D5C-89F3-7006B3C8BB74}.Debug|x86.ActiveCfg = Debug|Any CPU
		{DEDF7281-2BA4-4D5C-89F3-7006B3C8BB74}.Debug|x86.Build.0 = Debug|Any CPU
		{DEDF7281-2BA4-4D5C-89F3-7006B3C8BB74}.Debug|x86.Deploy.0 = Debug|Any CPU
		{DEDF7281-2BA4-4D5C-89F3-7006B3C8BB74}.Release|Any CPU.ActiveCfg = Release|Any CPU
		{DEDF7281-2BA4-4D5C-89F3-7006B3C8BB74}.Release|Any CPU.Build.0 = Release|Any CPU
		{DEDF7281-2BA4-4D5C-89F3-7006B3C8BB74}.Release|Any CPU.Deploy.0 = Release|Any CPU
		{DEDF7281-2BA4-4D5C-89F3-7006B3C8BB74}.Release|ARM.ActiveCfg = Release|Any CPU
		{DEDF7281-2BA4-4D5C-89F3-7006B3C8BB74}.Release|ARM.Build.0 = Release|Any CPU
		{DEDF7281-2BA4-4D5C-89F3-7006B3C8BB74}.Release|ARM.Deploy.0 = Release|Any CPU
		{DEDF7281-2BA4-4D5C-89F3-7006B3C8BB74}.Release|iPhone.ActiveCfg = Release|Any CPU
		{DEDF7281-2BA4-4D5C-89F3-7006B3C8BB74}.Release|iPhone.Build.0 = Release|Any CPU
		{DEDF7281-2BA4-4D5C-89F3-7006B3C8BB74}.Release|iPhone.Deploy.0 = Release|Any CPU
		{DEDF7281-2BA4-4D5C-89F3-7006B3C8BB74}.Release|iPhoneSimulator.ActiveCfg = Release|Any CPU
		{DEDF7281-2BA4-4D5C-89F3-7006B3C8BB74}.Release|iPhoneSimulator.Build.0 = Release|Any CPU
		{DEDF7281-2BA4-4D5C-89F3-7006B3C8BB74}.Release|iPhoneSimulator.Deploy.0 = Release|Any CPU
		{DEDF7281-2BA4-4D5C-89F3-7006B3C8BB74}.Release|x64.ActiveCfg = Release|Any CPU
		{DEDF7281-2BA4-4D5C-89F3-7006B3C8BB74}.Release|x64.Build.0 = Release|Any CPU
		{DEDF7281-2BA4-4D5C-89F3-7006B3C8BB74}.Release|x64.Deploy.0 = Release|Any CPU
		{DEDF7281-2BA4-4D5C-89F3-7006B3C8BB74}.Release|x86.ActiveCfg = Release|Any CPU
		{DEDF7281-2BA4-4D5C-89F3-7006B3C8BB74}.Release|x86.Build.0 = Release|Any CPU
		{DEDF7281-2BA4-4D5C-89F3-7006B3C8BB74}.Release|x86.Deploy.0 = Release|Any CPU
		{C13971FB-6225-4822-BFE5-0B6A504CB2FB}.Debug|Any CPU.ActiveCfg = Debug|iPhone
		{C13971FB-6225-4822-BFE5-0B6A504CB2FB}.Debug|Any CPU.Build.0 = Debug|iPhone
		{C13971FB-6225-4822-BFE5-0B6A504CB2FB}.Debug|Any CPU.Deploy.0 = Debug|iPhone
		{C13971FB-6225-4822-BFE5-0B6A504CB2FB}.Debug|ARM.ActiveCfg = Debug|iPhoneSimulator
		{C13971FB-6225-4822-BFE5-0B6A504CB2FB}.Debug|ARM.Build.0 = Debug|iPhoneSimulator
		{C13971FB-6225-4822-BFE5-0B6A504CB2FB}.Debug|ARM.Deploy.0 = Debug|iPhoneSimulator
		{C13971FB-6225-4822-BFE5-0B6A504CB2FB}.Debug|iPhone.ActiveCfg = Debug|iPhone
		{C13971FB-6225-4822-BFE5-0B6A504CB2FB}.Debug|iPhone.Build.0 = Debug|iPhone
		{C13971FB-6225-4822-BFE5-0B6A504CB2FB}.Debug|iPhone.Deploy.0 = Debug|iPhone
		{C13971FB-6225-4822-BFE5-0B6A504CB2FB}.Debug|iPhoneSimulator.ActiveCfg = Debug|iPhoneSimulator
		{C13971FB-6225-4822-BFE5-0B6A504CB2FB}.Debug|iPhoneSimulator.Build.0 = Debug|iPhoneSimulator
		{C13971FB-6225-4822-BFE5-0B6A504CB2FB}.Debug|iPhoneSimulator.Deploy.0 = Debug|iPhoneSimulator
		{C13971FB-6225-4822-BFE5-0B6A504CB2FB}.Debug|x64.ActiveCfg = Debug|iPhone
		{C13971FB-6225-4822-BFE5-0B6A504CB2FB}.Debug|x64.Build.0 = Debug|iPhone
		{C13971FB-6225-4822-BFE5-0B6A504CB2FB}.Debug|x64.Deploy.0 = Debug|iPhone
		{C13971FB-6225-4822-BFE5-0B6A504CB2FB}.Debug|x86.ActiveCfg = Debug|iPhone
		{C13971FB-6225-4822-BFE5-0B6A504CB2FB}.Debug|x86.Build.0 = Debug|iPhone
		{C13971FB-6225-4822-BFE5-0B6A504CB2FB}.Debug|x86.Deploy.0 = Debug|iPhone
		{C13971FB-6225-4822-BFE5-0B6A504CB2FB}.Release|Any CPU.ActiveCfg = Release|iPhone
		{C13971FB-6225-4822-BFE5-0B6A504CB2FB}.Release|Any CPU.Build.0 = Release|iPhone
		{C13971FB-6225-4822-BFE5-0B6A504CB2FB}.Release|Any CPU.Deploy.0 = Release|iPhone
		{C13971FB-6225-4822-BFE5-0B6A504CB2FB}.Release|ARM.ActiveCfg = Release|iPhone
		{C13971FB-6225-4822-BFE5-0B6A504CB2FB}.Release|ARM.Build.0 = Release|iPhone
		{C13971FB-6225-4822-BFE5-0B6A504CB2FB}.Release|ARM.Deploy.0 = Release|iPhone
		{C13971FB-6225-4822-BFE5-0B6A504CB2FB}.Release|iPhone.ActiveCfg = Release|iPhone
		{C13971FB-6225-4822-BFE5-0B6A504CB2FB}.Release|iPhone.Build.0 = Release|iPhone
		{C13971FB-6225-4822-BFE5-0B6A504CB2FB}.Release|iPhone.Deploy.0 = Release|iPhone
		{C13971FB-6225-4822-BFE5-0B6A504CB2FB}.Release|iPhoneSimulator.ActiveCfg = Release|iPhoneSimulator
		{C13971FB-6225-4822-BFE5-0B6A504CB2FB}.Release|iPhoneSimulator.Build.0 = Release|iPhoneSimulator
		{C13971FB-6225-4822-BFE5-0B6A504CB2FB}.Release|iPhoneSimulator.Deploy.0 = Release|iPhoneSimulator
		{C13971FB-6225-4822-BFE5-0B6A504CB2FB}.Release|x64.ActiveCfg = Release|iPhone
		{C13971FB-6225-4822-BFE5-0B6A504CB2FB}.Release|x64.Build.0 = Release|iPhone
		{C13971FB-6225-4822-BFE5-0B6A504CB2FB}.Release|x64.Deploy.0 = Release|iPhone
		{C13971FB-6225-4822-BFE5-0B6A504CB2FB}.Release|x86.ActiveCfg = Release|iPhone
		{C13971FB-6225-4822-BFE5-0B6A504CB2FB}.Release|x86.Build.0 = Release|iPhone
		{C13971FB-6225-4822-BFE5-0B6A504CB2FB}.Release|x86.Deploy.0 = Release|iPhone
		{8550E003-780F-4267-A5D8-A042059C3F46}.Debug|Any CPU.ActiveCfg = Debug|Any CPU
		{8550E003-780F-4267-A5D8-A042059C3F46}.Debug|Any CPU.Build.0 = Debug|Any CPU
		{8550E003-780F-4267-A5D8-A042059C3F46}.Debug|Any CPU.Deploy.0 = Debug|Any CPU
		{8550E003-780F-4267-A5D8-A042059C3F46}.Debug|ARM.ActiveCfg = Debug|Any CPU
		{8550E003-780F-4267-A5D8-A042059C3F46}.Debug|ARM.Build.0 = Debug|Any CPU
		{8550E003-780F-4267-A5D8-A042059C3F46}.Debug|ARM.Deploy.0 = Debug|Any CPU
		{8550E003-780F-4267-A5D8-A042059C3F46}.Debug|iPhone.ActiveCfg = Debug|Any CPU
		{8550E003-780F-4267-A5D8-A042059C3F46}.Debug|iPhone.Build.0 = Debug|Any CPU
		{8550E003-780F-4267-A5D8-A042059C3F46}.Debug|iPhone.Deploy.0 = Debug|Any CPU
		{8550E003-780F-4267-A5D8-A042059C3F46}.Debug|iPhoneSimulator.ActiveCfg = Debug|Any CPU
		{8550E003-780F-4267-A5D8-A042059C3F46}.Debug|iPhoneSimulator.Build.0 = Debug|Any CPU
		{8550E003-780F-4267-A5D8-A042059C3F46}.Debug|iPhoneSimulator.Deploy.0 = Debug|Any CPU
		{8550E003-780F-4267-A5D8-A042059C3F46}.Debug|x64.ActiveCfg = Debug|Any CPU
		{8550E003-780F-4267-A5D8-A042059C3F46}.Debug|x64.Build.0 = Debug|Any CPU
		{8550E003-780F-4267-A5D8-A042059C3F46}.Debug|x64.Deploy.0 = Debug|Any CPU
		{8550E003-780F-4267-A5D8-A042059C3F46}.Debug|x86.ActiveCfg = Debug|Any CPU
		{8550E003-780F-4267-A5D8-A042059C3F46}.Debug|x86.Build.0 = Debug|Any CPU
		{8550E003-780F-4267-A5D8-A042059C3F46}.Debug|x86.Deploy.0 = Debug|Any CPU
		{8550E003-780F-4267-A5D8-A042059C3F46}.Release|Any CPU.ActiveCfg = Release|Any CPU
		{8550E003-780F-4267-A5D8-A042059C3F46}.Release|Any CPU.Build.0 = Release|Any CPU
		{8550E003-780F-4267-A5D8-A042059C3F46}.Release|Any CPU.Deploy.0 = Release|Any CPU
		{8550E003-780F-4267-A5D8-A042059C3F46}.Release|ARM.ActiveCfg = Release|Any CPU
		{8550E003-780F-4267-A5D8-A042059C3F46}.Release|ARM.Build.0 = Release|Any CPU
		{8550E003-780F-4267-A5D8-A042059C3F46}.Release|ARM.Deploy.0 = Release|Any CPU
		{8550E003-780F-4267-A5D8-A042059C3F46}.Release|iPhone.ActiveCfg = Release|Any CPU
		{8550E003-780F-4267-A5D8-A042059C3F46}.Release|iPhone.Build.0 = Release|Any CPU
		{8550E003-780F-4267-A5D8-A042059C3F46}.Release|iPhone.Deploy.0 = Release|Any CPU
		{8550E003-780F-4267-A5D8-A042059C3F46}.Release|iPhoneSimulator.ActiveCfg = Release|Any CPU
		{8550E003-780F-4267-A5D8-A042059C3F46}.Release|iPhoneSimulator.Build.0 = Release|Any CPU
		{8550E003-780F-4267-A5D8-A042059C3F46}.Release|iPhoneSimulator.Deploy.0 = Release|Any CPU
		{8550E003-780F-4267-A5D8-A042059C3F46}.Release|x64.ActiveCfg = Release|Any CPU
		{8550E003-780F-4267-A5D8-A042059C3F46}.Release|x64.Build.0 = Release|Any CPU
		{8550E003-780F-4267-A5D8-A042059C3F46}.Release|x64.Deploy.0 = Release|Any CPU
		{8550E003-780F-4267-A5D8-A042059C3F46}.Release|x86.ActiveCfg = Release|Any CPU
		{8550E003-780F-4267-A5D8-A042059C3F46}.Release|x86.Build.0 = Release|Any CPU
		{8550E003-780F-4267-A5D8-A042059C3F46}.Release|x86.Deploy.0 = Release|Any CPU
		{D61BB66E-25E0-4C39-ADD9-3A29F435E617}.Debug|Any CPU.ActiveCfg = Debug|Any CPU
		{D61BB66E-25E0-4C39-ADD9-3A29F435E617}.Debug|Any CPU.Build.0 = Debug|Any CPU
		{D61BB66E-25E0-4C39-ADD9-3A29F435E617}.Debug|ARM.ActiveCfg = Debug|Any CPU
		{D61BB66E-25E0-4C39-ADD9-3A29F435E617}.Debug|ARM.Build.0 = Debug|Any CPU
		{D61BB66E-25E0-4C39-ADD9-3A29F435E617}.Debug|iPhone.ActiveCfg = Debug|Any CPU
		{D61BB66E-25E0-4C39-ADD9-3A29F435E617}.Debug|iPhone.Build.0 = Debug|Any CPU
		{D61BB66E-25E0-4C39-ADD9-3A29F435E617}.Debug|iPhoneSimulator.ActiveCfg = Debug|Any CPU
		{D61BB66E-25E0-4C39-ADD9-3A29F435E617}.Debug|iPhoneSimulator.Build.0 = Debug|Any CPU
		{D61BB66E-25E0-4C39-ADD9-3A29F435E617}.Debug|x64.ActiveCfg = Debug|Any CPU
		{D61BB66E-25E0-4C39-ADD9-3A29F435E617}.Debug|x64.Build.0 = Debug|Any CPU
		{D61BB66E-25E0-4C39-ADD9-3A29F435E617}.Debug|x86.ActiveCfg = Debug|Any CPU
		{D61BB66E-25E0-4C39-ADD9-3A29F435E617}.Debug|x86.Build.0 = Debug|Any CPU
		{D61BB66E-25E0-4C39-ADD9-3A29F435E617}.Release|Any CPU.ActiveCfg = Release|Any CPU
		{D61BB66E-25E0-4C39-ADD9-3A29F435E617}.Release|Any CPU.Build.0 = Release|Any CPU
		{D61BB66E-25E0-4C39-ADD9-3A29F435E617}.Release|ARM.ActiveCfg = Release|Any CPU
		{D61BB66E-25E0-4C39-ADD9-3A29F435E617}.Release|ARM.Build.0 = Release|Any CPU
		{D61BB66E-25E0-4C39-ADD9-3A29F435E617}.Release|iPhone.ActiveCfg = Release|Any CPU
		{D61BB66E-25E0-4C39-ADD9-3A29F435E617}.Release|iPhone.Build.0 = Release|Any CPU
		{D61BB66E-25E0-4C39-ADD9-3A29F435E617}.Release|iPhoneSimulator.ActiveCfg = Release|Any CPU
		{D61BB66E-25E0-4C39-ADD9-3A29F435E617}.Release|iPhoneSimulator.Build.0 = Release|Any CPU
		{D61BB66E-25E0-4C39-ADD9-3A29F435E617}.Release|x64.ActiveCfg = Release|Any CPU
		{D61BB66E-25E0-4C39-ADD9-3A29F435E617}.Release|x64.Build.0 = Release|Any CPU
		{D61BB66E-25E0-4C39-ADD9-3A29F435E617}.Release|x86.ActiveCfg = Release|Any CPU
		{D61BB66E-25E0-4C39-ADD9-3A29F435E617}.Release|x86.Build.0 = Release|Any CPU
	EndGlobalSection
	GlobalSection(SolutionProperties) = preSolution
		HideSolutionNode = FALSE
	EndGlobalSection
	GlobalSection(NestedProjects) = preSolution
		{706FF4A4-C5B5-4028-B491-F9528E71871E} = {C12A9FD1-F570-498F-8CFD-63DC759C95D3}
		{DEDF7281-2BA4-4D5C-89F3-7006B3C8BB74} = {C12A9FD1-F570-498F-8CFD-63DC759C95D3}
		{C13971FB-6225-4822-BFE5-0B6A504CB2FB} = {C12A9FD1-F570-498F-8CFD-63DC759C95D3}
		{8550E003-780F-4267-A5D8-A042059C3F46} = {C12A9FD1-F570-498F-8CFD-63DC759C95D3}
		{D61BB66E-25E0-4C39-ADD9-3A29F435E617} = {28249499-A829-4A93-B0E2-B1ED1BEEDF13}
	EndGlobalSection
	GlobalSection(ExtensibilityGlobals) = postSolution
		SolutionGuid = {A357ED13-DFBC-4B23-9170-66CB5DD20429}
	EndGlobalSection
EndGlobal
